
Microsoft Visual Studio Solution File, Format Version 12.00
# Visual Studio 14
VisualStudioVersion = 14.0.25420.1
MinimumVisualStudioVersion = 10.0.40219.1
Project("{2150E333-8FDC-42A3-9474-1A3956D46DE8}") = "Strategy", "Strategy", "{C3BA2DCB-B3B6-4922-A07A-E182F8D1BD8F}"
	ProjectSection(SiliconStudioPackage) = preProject
		Strategy/Strategy.xkpkg = Strategy/Strategy.xkpkg
	EndProjectSection
EndProject
Project("{FAE04EC0-301F-11D3-BF4B-00C04F79EFBC}") = "Strategy.Windows", "Strategy\Strategy.Windows\Strategy.Windows.csproj", "{F16ABFDE-901D-47C6-8CA5-B47195FCAE9E}"
EndProject
Project("{FAE04EC0-301F-11D3-BF4B-00C04F79EFBC}") = "Strategy.Game", "Strategy\Strategy.Game\Strategy.Game.csproj", "{9EECE73D-D536-4AEF-B489-351C5286E562}"
EndProject
Project("{FAE04EC0-301F-11D3-BF4B-00C04F79EFBC}") = "Strategy.Windows10", "Strategy\Strategy.Windows10\Strategy.Windows10.csproj", "{1EF4AF8B-8EAB-43A9-AC6E-82121B053DC1}"
EndProject
Project("{FAE04EC0-301F-11D3-BF4B-00C04F79EFBC}") = "Strategy.Linux", "Strategy\Strategy.Linux\Strategy.Linux.csproj", "{0B14F739-FD7E-402F-BB4C-59B8D8B7D282}"
EndProject
Project("{FAE04EC0-301F-11D3-BF4B-00C04F79EFBC}") = "Strategy.iOS", "Strategy\Strategy.iOS\Strategy.iOS.csproj", "{273C0A11-CA79-4AB0-B423-508B7651F426}"
EndProject
Global
	GlobalSection(SolutionConfigurationPlatforms) = preSolution
		AppStore|Any CPU = AppStore|Any CPU
		AppStore|iPhone = AppStore|iPhone
		AppStore|iPhoneSimulator = AppStore|iPhoneSimulator
		AppStore|Linux = AppStore|Linux
		AppStore|Mixed Platforms = AppStore|Mixed Platforms
		AppStore|UWP-ARM = AppStore|UWP-ARM
		AppStore|UWP-x64 = AppStore|UWP-x64
		AppStore|UWP-x86 = AppStore|UWP-x86
		AppStore|Windows = AppStore|Windows
		CoreCLR_Debug|Any CPU = CoreCLR_Debug|Any CPU
		CoreCLR_Debug|iPhone = CoreCLR_Debug|iPhone
		CoreCLR_Debug|iPhoneSimulator = CoreCLR_Debug|iPhoneSimulator
		CoreCLR_Debug|Linux = CoreCLR_Debug|Linux
		CoreCLR_Debug|Mixed Platforms = CoreCLR_Debug|Mixed Platforms
		CoreCLR_Debug|UWP-ARM = CoreCLR_Debug|UWP-ARM
		CoreCLR_Debug|UWP-x64 = CoreCLR_Debug|UWP-x64
		CoreCLR_Debug|UWP-x86 = CoreCLR_Debug|UWP-x86
		CoreCLR_Debug|Windows = CoreCLR_Debug|Windows
		CoreCLR_Release|Any CPU = CoreCLR_Release|Any CPU
		CoreCLR_Release|iPhone = CoreCLR_Release|iPhone
		CoreCLR_Release|iPhoneSimulator = CoreCLR_Release|iPhoneSimulator
		CoreCLR_Release|Linux = CoreCLR_Release|Linux
		CoreCLR_Release|Mixed Platforms = CoreCLR_Release|Mixed Platforms
		CoreCLR_Release|UWP-ARM = CoreCLR_Release|UWP-ARM
		CoreCLR_Release|UWP-x64 = CoreCLR_Release|UWP-x64
		CoreCLR_Release|UWP-x86 = CoreCLR_Release|UWP-x86
		CoreCLR_Release|Windows = CoreCLR_Release|Windows
		Debug|Any CPU = Debug|Any CPU
		Debug|iPhone = Debug|iPhone
		Debug|iPhoneSimulator = Debug|iPhoneSimulator
		Debug|Linux = Debug|Linux
		Debug|Mixed Platforms = Debug|Mixed Platforms
		Debug|UWP-ARM = Debug|UWP-ARM
		Debug|UWP-x64 = Debug|UWP-x64
		Debug|UWP-x86 = Debug|UWP-x86
		Debug|Windows = Debug|Windows
		Release|Any CPU = Release|Any CPU
		Release|iPhone = Release|iPhone
		Release|iPhoneSimulator = Release|iPhoneSimulator
		Release|Linux = Release|Linux
		Release|Mixed Platforms = Release|Mixed Platforms
		Release|UWP-ARM = Release|UWP-ARM
		Release|UWP-x64 = Release|UWP-x64
		Release|UWP-x86 = Release|UWP-x86
		Release|Windows = Release|Windows
		Testing|Any CPU = Testing|Any CPU
		Testing|iPhone = Testing|iPhone
		Testing|iPhoneSimulator = Testing|iPhoneSimulator
		Testing|Linux = Testing|Linux
		Testing|Mixed Platforms = Testing|Mixed Platforms
		Testing|UWP-ARM = Testing|UWP-ARM
		Testing|UWP-x64 = Testing|UWP-x64
		Testing|UWP-x86 = Testing|UWP-x86
		Testing|Windows = Testing|Windows
	EndGlobalSection
	GlobalSection(ProjectConfigurationPlatforms) = postSolution
		{F16ABFDE-901D-47C6-8CA5-B47195FCAE9E}.AppStore|Any CPU.ActiveCfg = AppStore|Any CPU
		{F16ABFDE-901D-47C6-8CA5-B47195FCAE9E}.AppStore|Any CPU.Build.0 = AppStore|Any CPU
		{F16ABFDE-901D-47C6-8CA5-B47195FCAE9E}.AppStore|Any CPU.Deploy.0 = AppStore|Any CPU
		{F16ABFDE-901D-47C6-8CA5-B47195FCAE9E}.AppStore|iPhone.ActiveCfg = AppStore|Any CPU
		{F16ABFDE-901D-47C6-8CA5-B47195FCAE9E}.AppStore|iPhoneSimulator.ActiveCfg = AppStore|Any CPU
		{F16ABFDE-901D-47C6-8CA5-B47195FCAE9E}.AppStore|Linux.ActiveCfg = AppStore|Any CPU
		{F16ABFDE-901D-47C6-8CA5-B47195FCAE9E}.AppStore|Mixed Platforms.ActiveCfg = AppStore|Any CPU
		{F16ABFDE-901D-47C6-8CA5-B47195FCAE9E}.AppStore|Mixed Platforms.Build.0 = AppStore|Any CPU
		{F16ABFDE-901D-47C6-8CA5-B47195FCAE9E}.AppStore|Mixed Platforms.Deploy.0 = AppStore|Any CPU
		{F16ABFDE-901D-47C6-8CA5-B47195FCAE9E}.AppStore|UWP-ARM.ActiveCfg = AppStore|Any CPU
		{F16ABFDE-901D-47C6-8CA5-B47195FCAE9E}.AppStore|UWP-x64.ActiveCfg = AppStore|Any CPU
		{F16ABFDE-901D-47C6-8CA5-B47195FCAE9E}.AppStore|UWP-x86.ActiveCfg = AppStore|Any CPU
		{F16ABFDE-901D-47C6-8CA5-B47195FCAE9E}.AppStore|Windows.ActiveCfg = AppStore|Any CPU
		{F16ABFDE-901D-47C6-8CA5-B47195FCAE9E}.AppStore|Windows.Build.0 = AppStore|Any CPU
		{F16ABFDE-901D-47C6-8CA5-B47195FCAE9E}.AppStore|Windows.Deploy.0 = AppStore|Any CPU
		{F16ABFDE-901D-47C6-8CA5-B47195FCAE9E}.CoreCLR_Debug|Any CPU.ActiveCfg = CoreCLR_Debug|Any CPU
		{F16ABFDE-901D-47C6-8CA5-B47195FCAE9E}.CoreCLR_Debug|Any CPU.Build.0 = CoreCLR_Debug|Any CPU
		{F16ABFDE-901D-47C6-8CA5-B47195FCAE9E}.CoreCLR_Debug|Any CPU.Deploy.0 = CoreCLR_Debug|Any CPU
		{F16ABFDE-901D-47C6-8CA5-B47195FCAE9E}.CoreCLR_Debug|iPhone.ActiveCfg = CoreCLR_Debug|Any CPU
		{F16ABFDE-901D-47C6-8CA5-B47195FCAE9E}.CoreCLR_Debug|iPhoneSimulator.ActiveCfg = CoreCLR_Debug|Any CPU
		{F16ABFDE-901D-47C6-8CA5-B47195FCAE9E}.CoreCLR_Debug|Linux.ActiveCfg = CoreCLR_Debug|Any CPU
		{F16ABFDE-901D-47C6-8CA5-B47195FCAE9E}.CoreCLR_Debug|Mixed Platforms.ActiveCfg = CoreCLR_Debug|Any CPU
		{F16ABFDE-901D-47C6-8CA5-B47195FCAE9E}.CoreCLR_Debug|Mixed Platforms.Build.0 = CoreCLR_Debug|Any CPU
		{F16ABFDE-901D-47C6-8CA5-B47195FCAE9E}.CoreCLR_Debug|Mixed Platforms.Deploy.0 = CoreCLR_Debug|Any CPU
		{F16ABFDE-901D-47C6-8CA5-B47195FCAE9E}.CoreCLR_Debug|UWP-ARM.ActiveCfg = CoreCLR_Debug|Any CPU
		{F16ABFDE-901D-47C6-8CA5-B47195FCAE9E}.CoreCLR_Debug|UWP-x64.ActiveCfg = CoreCLR_Debug|Any CPU
		{F16ABFDE-901D-47C6-8CA5-B47195FCAE9E}.CoreCLR_Debug|UWP-x86.ActiveCfg = CoreCLR_Debug|Any CPU
		{F16ABFDE-901D-47C6-8CA5-B47195FCAE9E}.CoreCLR_Debug|Windows.ActiveCfg = CoreCLR_Debug|Any CPU
		{F16ABFDE-901D-47C6-8CA5-B47195FCAE9E}.CoreCLR_Debug|Windows.Build.0 = CoreCLR_Debug|Any CPU
		{F16ABFDE-901D-47C6-8CA5-B47195FCAE9E}.CoreCLR_Debug|Windows.Deploy.0 = CoreCLR_Debug|Any CPU
		{F16ABFDE-901D-47C6-8CA5-B47195FCAE9E}.CoreCLR_Release|Any CPU.ActiveCfg = CoreCLR_Release|Any CPU
		{F16ABFDE-901D-47C6-8CA5-B47195FCAE9E}.CoreCLR_Release|Any CPU.Build.0 = CoreCLR_Release|Any CPU
		{F16ABFDE-901D-47C6-8CA5-B47195FCAE9E}.CoreCLR_Release|Any CPU.Deploy.0 = CoreCLR_Release|Any CPU
		{F16ABFDE-901D-47C6-8CA5-B47195FCAE9E}.CoreCLR_Release|iPhone.ActiveCfg = CoreCLR_Release|Any CPU
		{F16ABFDE-901D-47C6-8CA5-B47195FCAE9E}.CoreCLR_Release|iPhoneSimulator.ActiveCfg = CoreCLR_Release|Any CPU
		{F16ABFDE-901D-47C6-8CA5-B47195FCAE9E}.CoreCLR_Release|Linux.ActiveCfg = CoreCLR_Release|Any CPU
		{F16ABFDE-901D-47C6-8CA5-B47195FCAE9E}.CoreCLR_Release|Mixed Platforms.ActiveCfg = CoreCLR_Release|Any CPU
		{F16ABFDE-901D-47C6-8CA5-B47195FCAE9E}.CoreCLR_Release|Mixed Platforms.Build.0 = CoreCLR_Release|Any CPU
		{F16ABFDE-901D-47C6-8CA5-B47195FCAE9E}.CoreCLR_Release|Mixed Platforms.Deploy.0 = CoreCLR_Release|Any CPU
		{F16ABFDE-901D-47C6-8CA5-B47195FCAE9E}.CoreCLR_Release|UWP-ARM.ActiveCfg = CoreCLR_Release|Any CPU
		{F16ABFDE-901D-47C6-8CA5-B47195FCAE9E}.CoreCLR_Release|UWP-x64.ActiveCfg = CoreCLR_Release|Any CPU
		{F16ABFDE-901D-47C6-8CA5-B47195FCAE9E}.CoreCLR_Release|UWP-x86.ActiveCfg = CoreCLR_Release|Any CPU
		{F16ABFDE-901D-47C6-8CA5-B47195FCAE9E}.CoreCLR_Release|Windows.ActiveCfg = CoreCLR_Release|Any CPU
		{F16ABFDE-901D-47C6-8CA5-B47195FCAE9E}.CoreCLR_Release|Windows.Build.0 = CoreCLR_Release|Any CPU
		{F16ABFDE-901D-47C6-8CA5-B47195FCAE9E}.CoreCLR_Release|Windows.Deploy.0 = CoreCLR_Release|Any CPU
		{F16ABFDE-901D-47C6-8CA5-B47195FCAE9E}.Debug|Any CPU.ActiveCfg = Debug|Any CPU
		{F16ABFDE-901D-47C6-8CA5-B47195FCAE9E}.Debug|Any CPU.Build.0 = Debug|Any CPU
		{F16ABFDE-901D-47C6-8CA5-B47195FCAE9E}.Debug|Any CPU.Deploy.0 = Debug|Any CPU
		{F16ABFDE-901D-47C6-8CA5-B47195FCAE9E}.Debug|iPhone.ActiveCfg = Debug|Any CPU
		{F16ABFDE-901D-47C6-8CA5-B47195FCAE9E}.Debug|iPhoneSimulator.ActiveCfg = Debug|Any CPU
		{F16ABFDE-901D-47C6-8CA5-B47195FCAE9E}.Debug|Linux.ActiveCfg = Debug|Any CPU
		{F16ABFDE-901D-47C6-8CA5-B47195FCAE9E}.Debug|Mixed Platforms.ActiveCfg = Debug|Any CPU
		{F16ABFDE-901D-47C6-8CA5-B47195FCAE9E}.Debug|Mixed Platforms.Build.0 = Debug|Any CPU
		{F16ABFDE-901D-47C6-8CA5-B47195FCAE9E}.Debug|Mixed Platforms.Deploy.0 = Debug|Any CPU
		{F16ABFDE-901D-47C6-8CA5-B47195FCAE9E}.Debug|UWP-ARM.ActiveCfg = Debug|Any CPU
		{F16ABFDE-901D-47C6-8CA5-B47195FCAE9E}.Debug|UWP-x64.ActiveCfg = Debug|Any CPU
		{F16ABFDE-901D-47C6-8CA5-B47195FCAE9E}.Debug|UWP-x86.ActiveCfg = Debug|Any CPU
		{F16ABFDE-901D-47C6-8CA5-B47195FCAE9E}.Debug|Windows.ActiveCfg = Debug|Any CPU
		{F16ABFDE-901D-47C6-8CA5-B47195FCAE9E}.Debug|Windows.Build.0 = Debug|Any CPU
		{F16ABFDE-901D-47C6-8CA5-B47195FCAE9E}.Debug|Windows.Deploy.0 = Debug|Any CPU
		{F16ABFDE-901D-47C6-8CA5-B47195FCAE9E}.Release|Any CPU.ActiveCfg = Release|Any CPU
		{F16ABFDE-901D-47C6-8CA5-B47195FCAE9E}.Release|Any CPU.Build.0 = Release|Any CPU
		{F16ABFDE-901D-47C6-8CA5-B47195FCAE9E}.Release|Any CPU.Deploy.0 = Release|Any CPU
		{F16ABFDE-901D-47C6-8CA5-B47195FCAE9E}.Release|iPhone.ActiveCfg = Release|Any CPU
		{F16ABFDE-901D-47C6-8CA5-B47195FCAE9E}.Release|iPhoneSimulator.ActiveCfg = Release|Any CPU
		{F16ABFDE-901D-47C6-8CA5-B47195FCAE9E}.Release|Linux.ActiveCfg = Release|Any CPU
		{F16ABFDE-901D-47C6-8CA5-B47195FCAE9E}.Release|Mixed Platforms.ActiveCfg = Release|Any CPU
		{F16ABFDE-901D-47C6-8CA5-B47195FCAE9E}.Release|Mixed Platforms.Build.0 = Release|Any CPU
		{F16ABFDE-901D-47C6-8CA5-B47195FCAE9E}.Release|Mixed Platforms.Deploy.0 = Release|Any CPU
		{F16ABFDE-901D-47C6-8CA5-B47195FCAE9E}.Release|UWP-ARM.ActiveCfg = Release|Any CPU
		{F16ABFDE-901D-47C6-8CA5-B47195FCAE9E}.Release|UWP-x64.ActiveCfg = Release|Any CPU
		{F16ABFDE-901D-47C6-8CA5-B47195FCAE9E}.Release|UWP-x86.ActiveCfg = Release|Any CPU
		{F16ABFDE-901D-47C6-8CA5-B47195FCAE9E}.Release|Windows.ActiveCfg = Release|Any CPU
		{F16ABFDE-901D-47C6-8CA5-B47195FCAE9E}.Release|Windows.Build.0 = Release|Any CPU
		{F16ABFDE-901D-47C6-8CA5-B47195FCAE9E}.Release|Windows.Deploy.0 = Release|Any CPU
		{F16ABFDE-901D-47C6-8CA5-B47195FCAE9E}.Testing|Any CPU.ActiveCfg = Testing|Any CPU
		{F16ABFDE-901D-47C6-8CA5-B47195FCAE9E}.Testing|Any CPU.Build.0 = Testing|Any CPU
		{F16ABFDE-901D-47C6-8CA5-B47195FCAE9E}.Testing|Any CPU.Deploy.0 = Testing|Any CPU
		{F16ABFDE-901D-47C6-8CA5-B47195FCAE9E}.Testing|iPhone.ActiveCfg = Testing|Any CPU
		{F16ABFDE-901D-47C6-8CA5-B47195FCAE9E}.Testing|iPhoneSimulator.ActiveCfg = Testing|Any CPU
		{F16ABFDE-901D-47C6-8CA5-B47195FCAE9E}.Testing|Linux.ActiveCfg = Testing|Any CPU
		{F16ABFDE-901D-47C6-8CA5-B47195FCAE9E}.Testing|Mixed Platforms.ActiveCfg = Testing|Any CPU
		{F16ABFDE-901D-47C6-8CA5-B47195FCAE9E}.Testing|Mixed Platforms.Build.0 = Testing|Any CPU
		{F16ABFDE-901D-47C6-8CA5-B47195FCAE9E}.Testing|Mixed Platforms.Deploy.0 = Testing|Any CPU
		{F16ABFDE-901D-47C6-8CA5-B47195FCAE9E}.Testing|UWP-ARM.ActiveCfg = Testing|Any CPU
		{F16ABFDE-901D-47C6-8CA5-B47195FCAE9E}.Testing|UWP-x64.ActiveCfg = Testing|Any CPU
		{F16ABFDE-901D-47C6-8CA5-B47195FCAE9E}.Testing|UWP-x86.ActiveCfg = Testing|Any CPU
		{F16ABFDE-901D-47C6-8CA5-B47195FCAE9E}.Testing|Windows.ActiveCfg = Testing|Any CPU
		{F16ABFDE-901D-47C6-8CA5-B47195FCAE9E}.Testing|Windows.Build.0 = Testing|Any CPU
		{F16ABFDE-901D-47C6-8CA5-B47195FCAE9E}.Testing|Windows.Deploy.0 = Testing|Any CPU
		{9EECE73D-D536-4AEF-B489-351C5286E562}.AppStore|Any CPU.ActiveCfg = AppStore|Any CPU
		{9EECE73D-D536-4AEF-B489-351C5286E562}.AppStore|Any CPU.Build.0 = AppStore|Any CPU
		{9EECE73D-D536-4AEF-B489-351C5286E562}.AppStore|iPhone.ActiveCfg = AppStore|iPhone
		{9EECE73D-D536-4AEF-B489-351C5286E562}.AppStore|iPhone.Build.0 = AppStore|iPhone
		{9EECE73D-D536-4AEF-B489-351C5286E562}.AppStore|iPhoneSimulator.ActiveCfg = AppStore|iPhoneSimulator
		{9EECE73D-D536-4AEF-B489-351C5286E562}.AppStore|iPhoneSimulator.Build.0 = AppStore|iPhoneSimulator
		{9EECE73D-D536-4AEF-B489-351C5286E562}.AppStore|Linux.ActiveCfg = Debug|Linux
		{9EECE73D-D536-4AEF-B489-351C5286E562}.AppStore|Mixed Platforms.ActiveCfg = AppStore|Any CPU
		{9EECE73D-D536-4AEF-B489-351C5286E562}.AppStore|Mixed Platforms.Build.0 = AppStore|Any CPU
		{9EECE73D-D536-4AEF-B489-351C5286E562}.AppStore|UWP-ARM.ActiveCfg = AppStore|UWP
		{9EECE73D-D536-4AEF-B489-351C5286E562}.AppStore|UWP-ARM.Build.0 = AppStore|UWP
		{9EECE73D-D536-4AEF-B489-351C5286E562}.AppStore|UWP-x64.ActiveCfg = AppStore|UWP
		{9EECE73D-D536-4AEF-B489-351C5286E562}.AppStore|UWP-x64.Build.0 = AppStore|UWP
		{9EECE73D-D536-4AEF-B489-351C5286E562}.AppStore|UWP-x86.ActiveCfg = AppStore|UWP
		{9EECE73D-D536-4AEF-B489-351C5286E562}.AppStore|UWP-x86.Build.0 = AppStore|UWP
		{9EECE73D-D536-4AEF-B489-351C5286E562}.AppStore|Windows.ActiveCfg = AppStore|Any CPU
		{9EECE73D-D536-4AEF-B489-351C5286E562}.AppStore|Windows.Build.0 = AppStore|Any CPU
		{9EECE73D-D536-4AEF-B489-351C5286E562}.CoreCLR_Debug|Any CPU.ActiveCfg = CoreCLR_Debug|Any CPU
		{9EECE73D-D536-4AEF-B489-351C5286E562}.CoreCLR_Debug|Any CPU.Build.0 = CoreCLR_Debug|Any CPU
		{9EECE73D-D536-4AEF-B489-351C5286E562}.CoreCLR_Debug|iPhone.ActiveCfg = Debug|iPhone
		{9EECE73D-D536-4AEF-B489-351C5286E562}.CoreCLR_Debug|iPhoneSimulator.ActiveCfg = Debug|iPhoneSimulator
		{9EECE73D-D536-4AEF-B489-351C5286E562}.CoreCLR_Debug|Linux.ActiveCfg = CoreCLR_Debug|Linux
		{9EECE73D-D536-4AEF-B489-351C5286E562}.CoreCLR_Debug|Linux.Build.0 = CoreCLR_Debug|Linux
		{9EECE73D-D536-4AEF-B489-351C5286E562}.CoreCLR_Debug|Mixed Platforms.ActiveCfg = CoreCLR_Debug|Any CPU
		{9EECE73D-D536-4AEF-B489-351C5286E562}.CoreCLR_Debug|Mixed Platforms.Build.0 = CoreCLR_Debug|Any CPU
		{9EECE73D-D536-4AEF-B489-351C5286E562}.CoreCLR_Debug|UWP-ARM.ActiveCfg = Debug|UWP
		{9EECE73D-D536-4AEF-B489-351C5286E562}.CoreCLR_Debug|UWP-x64.ActiveCfg = Debug|UWP
		{9EECE73D-D536-4AEF-B489-351C5286E562}.CoreCLR_Debug|UWP-x86.ActiveCfg = Debug|UWP
		{9EECE73D-D536-4AEF-B489-351C5286E562}.CoreCLR_Debug|Windows.ActiveCfg = CoreCLR_Debug|Any CPU
		{9EECE73D-D536-4AEF-B489-351C5286E562}.CoreCLR_Debug|Windows.Build.0 = CoreCLR_Debug|Any CPU
		{9EECE73D-D536-4AEF-B489-351C5286E562}.CoreCLR_Release|Any CPU.ActiveCfg = CoreCLR_Release|Any CPU
		{9EECE73D-D536-4AEF-B489-351C5286E562}.CoreCLR_Release|Any CPU.Build.0 = CoreCLR_Release|Any CPU
		{9EECE73D-D536-4AEF-B489-351C5286E562}.CoreCLR_Release|iPhone.ActiveCfg = Debug|iPhone
		{9EECE73D-D536-4AEF-B489-351C5286E562}.CoreCLR_Release|iPhoneSimulator.ActiveCfg = Debug|iPhoneSimulator
		{9EECE73D-D536-4AEF-B489-351C5286E562}.CoreCLR_Release|Linux.ActiveCfg = CoreCLR_Release|Linux
		{9EECE73D-D536-4AEF-B489-351C5286E562}.CoreCLR_Release|Linux.Build.0 = CoreCLR_Release|Linux
		{9EECE73D-D536-4AEF-B489-351C5286E562}.CoreCLR_Release|Mixed Platforms.ActiveCfg = CoreCLR_Release|Any CPU
		{9EECE73D-D536-4AEF-B489-351C5286E562}.CoreCLR_Release|Mixed Platforms.Build.0 = CoreCLR_Release|Any CPU
		{9EECE73D-D536-4AEF-B489-351C5286E562}.CoreCLR_Release|UWP-ARM.ActiveCfg = Debug|UWP
		{9EECE73D-D536-4AEF-B489-351C5286E562}.CoreCLR_Release|UWP-x64.ActiveCfg = Debug|UWP
		{9EECE73D-D536-4AEF-B489-351C5286E562}.CoreCLR_Release|UWP-x86.ActiveCfg = Debug|UWP
		{9EECE73D-D536-4AEF-B489-351C5286E562}.CoreCLR_Release|Windows.ActiveCfg = CoreCLR_Release|Any CPU
		{9EECE73D-D536-4AEF-B489-351C5286E562}.CoreCLR_Release|Windows.Build.0 = CoreCLR_Release|Any CPU
		{9EECE73D-D536-4AEF-B489-351C5286E562}.Debug|Any CPU.ActiveCfg = Debug|Any CPU
		{9EECE73D-D536-4AEF-B489-351C5286E562}.Debug|Any CPU.Build.0 = Debug|Any CPU
		{9EECE73D-D536-4AEF-B489-351C5286E562}.Debug|iPhone.ActiveCfg = Debug|iPhone
		{9EECE73D-D536-4AEF-B489-351C5286E562}.Debug|iPhone.Build.0 = Debug|iPhone
		{9EECE73D-D536-4AEF-B489-351C5286E562}.Debug|iPhoneSimulator.ActiveCfg = Debug|iPhoneSimulator
		{9EECE73D-D536-4AEF-B489-351C5286E562}.Debug|iPhoneSimulator.Build.0 = Debug|iPhoneSimulator
		{9EECE73D-D536-4AEF-B489-351C5286E562}.Debug|Linux.ActiveCfg = Debug|Linux
		{9EECE73D-D536-4AEF-B489-351C5286E562}.Debug|Linux.Build.0 = Debug|Linux
		{9EECE73D-D536-4AEF-B489-351C5286E562}.Debug|Mixed Platforms.ActiveCfg = Debug|Any CPU
		{9EECE73D-D536-4AEF-B489-351C5286E562}.Debug|Mixed Platforms.Build.0 = Debug|Any CPU
		{9EECE73D-D536-4AEF-B489-351C5286E562}.Debug|UWP-ARM.ActiveCfg = Debug|UWP
		{9EECE73D-D536-4AEF-B489-351C5286E562}.Debug|UWP-ARM.Build.0 = Debug|UWP
		{9EECE73D-D536-4AEF-B489-351C5286E562}.Debug|UWP-x64.ActiveCfg = Debug|UWP
		{9EECE73D-D536-4AEF-B489-351C5286E562}.Debug|UWP-x64.Build.0 = Debug|UWP
		{9EECE73D-D536-4AEF-B489-351C5286E562}.Debug|UWP-x86.ActiveCfg = Debug|UWP
		{9EECE73D-D536-4AEF-B489-351C5286E562}.Debug|UWP-x86.Build.0 = Debug|UWP
		{9EECE73D-D536-4AEF-B489-351C5286E562}.Debug|Windows.ActiveCfg = Debug|Any CPU
		{9EECE73D-D536-4AEF-B489-351C5286E562}.Debug|Windows.Build.0 = Debug|Any CPU
		{9EECE73D-D536-4AEF-B489-351C5286E562}.Release|Any CPU.ActiveCfg = Release|Any CPU
		{9EECE73D-D536-4AEF-B489-351C5286E562}.Release|Any CPU.Build.0 = Release|Any CPU
		{9EECE73D-D536-4AEF-B489-351C5286E562}.Release|iPhone.ActiveCfg = Release|iPhone
		{9EECE73D-D536-4AEF-B489-351C5286E562}.Release|iPhone.Build.0 = Release|iPhone
		{9EECE73D-D536-4AEF-B489-351C5286E562}.Release|iPhoneSimulator.ActiveCfg = Release|iPhoneSimulator
		{9EECE73D-D536-4AEF-B489-351C5286E562}.Release|iPhoneSimulator.Build.0 = Release|iPhoneSimulator
		{9EECE73D-D536-4AEF-B489-351C5286E562}.Release|Linux.ActiveCfg = Release|Linux
		{9EECE73D-D536-4AEF-B489-351C5286E562}.Release|Linux.Build.0 = Release|Linux
		{9EECE73D-D536-4AEF-B489-351C5286E562}.Release|Mixed Platforms.ActiveCfg = Release|Any CPU
		{9EECE73D-D536-4AEF-B489-351C5286E562}.Release|Mixed Platforms.Build.0 = Release|Any CPU
		{9EECE73D-D536-4AEF-B489-351C5286E562}.Release|UWP-ARM.ActiveCfg = Release|UWP
		{9EECE73D-D536-4AEF-B489-351C5286E562}.Release|UWP-ARM.Build.0 = Release|UWP
		{9EECE73D-D536-4AEF-B489-351C5286E562}.Release|UWP-x64.ActiveCfg = Release|UWP
		{9EECE73D-D536-4AEF-B489-351C5286E562}.Release|UWP-x64.Build.0 = Release|UWP
		{9EECE73D-D536-4AEF-B489-351C5286E562}.Release|UWP-x86.ActiveCfg = Release|UWP
		{9EECE73D-D536-4AEF-B489-351C5286E562}.Release|UWP-x86.Build.0 = Release|UWP
		{9EECE73D-D536-4AEF-B489-351C5286E562}.Release|Windows.ActiveCfg = Release|Any CPU
		{9EECE73D-D536-4AEF-B489-351C5286E562}.Release|Windows.Build.0 = Release|Any CPU
		{9EECE73D-D536-4AEF-B489-351C5286E562}.Testing|Any CPU.ActiveCfg = Testing|Any CPU
		{9EECE73D-D536-4AEF-B489-351C5286E562}.Testing|Any CPU.Build.0 = Testing|Any CPU
		{9EECE73D-D536-4AEF-B489-351C5286E562}.Testing|iPhone.ActiveCfg = Testing|iPhone
		{9EECE73D-D536-4AEF-B489-351C5286E562}.Testing|iPhone.Build.0 = Testing|iPhone
		{9EECE73D-D536-4AEF-B489-351C5286E562}.Testing|iPhoneSimulator.ActiveCfg = Testing|iPhoneSimulator
		{9EECE73D-D536-4AEF-B489-351C5286E562}.Testing|iPhoneSimulator.Build.0 = Testing|iPhoneSimulator
		{9EECE73D-D536-4AEF-B489-351C5286E562}.Testing|Linux.ActiveCfg = Debug|Linux
		{9EECE73D-D536-4AEF-B489-351C5286E562}.Testing|Mixed Platforms.ActiveCfg = Testing|Any CPU
		{9EECE73D-D536-4AEF-B489-351C5286E562}.Testing|Mixed Platforms.Build.0 = Testing|Any CPU
		{9EECE73D-D536-4AEF-B489-351C5286E562}.Testing|UWP-ARM.ActiveCfg = Testing|UWP
		{9EECE73D-D536-4AEF-B489-351C5286E562}.Testing|UWP-ARM.Build.0 = Testing|UWP
		{9EECE73D-D536-4AEF-B489-351C5286E562}.Testing|UWP-x64.ActiveCfg = Testing|UWP
		{9EECE73D-D536-4AEF-B489-351C5286E562}.Testing|UWP-x64.Build.0 = Testing|UWP
		{9EECE73D-D536-4AEF-B489-351C5286E562}.Testing|UWP-x86.ActiveCfg = Testing|UWP
		{9EECE73D-D536-4AEF-B489-351C5286E562}.Testing|UWP-x86.Build.0 = Testing|UWP
		{9EECE73D-D536-4AEF-B489-351C5286E562}.Testing|Windows.ActiveCfg = Testing|Any CPU
		{9EECE73D-D536-4AEF-B489-351C5286E562}.Testing|Windows.Build.0 = Testing|Any CPU
		{1EF4AF8B-8EAB-43A9-AC6E-82121B053DC1}.AppStore|Any CPU.ActiveCfg = AppStore|UWP-ARM
		{1EF4AF8B-8EAB-43A9-AC6E-82121B053DC1}.AppStore|iPhone.ActiveCfg = AppStore|UWP-ARM
		{1EF4AF8B-8EAB-43A9-AC6E-82121B053DC1}.AppStore|iPhoneSimulator.ActiveCfg = AppStore|UWP-ARM
		{1EF4AF8B-8EAB-43A9-AC6E-82121B053DC1}.AppStore|Linux.ActiveCfg = AppStore|UWP-ARM
		{1EF4AF8B-8EAB-43A9-AC6E-82121B053DC1}.AppStore|Mixed Platforms.ActiveCfg = AppStore|UWP-ARM
		{1EF4AF8B-8EAB-43A9-AC6E-82121B053DC1}.AppStore|UWP-ARM.ActiveCfg = AppStore|ARM
		{1EF4AF8B-8EAB-43A9-AC6E-82121B053DC1}.AppStore|UWP-ARM.Build.0 = AppStore|ARM
		{1EF4AF8B-8EAB-43A9-AC6E-82121B053DC1}.AppStore|UWP-ARM.Deploy.0 = AppStore|ARM
		{1EF4AF8B-8EAB-43A9-AC6E-82121B053DC1}.AppStore|UWP-x64.ActiveCfg = AppStore|x64
		{1EF4AF8B-8EAB-43A9-AC6E-82121B053DC1}.AppStore|UWP-x64.Build.0 = AppStore|x64
		{1EF4AF8B-8EAB-43A9-AC6E-82121B053DC1}.AppStore|UWP-x64.Deploy.0 = AppStore|x64
		{1EF4AF8B-8EAB-43A9-AC6E-82121B053DC1}.AppStore|UWP-x86.ActiveCfg = AppStore|x86
		{1EF4AF8B-8EAB-43A9-AC6E-82121B053DC1}.AppStore|UWP-x86.Build.0 = AppStore|x86
		{1EF4AF8B-8EAB-43A9-AC6E-82121B053DC1}.AppStore|UWP-x86.Deploy.0 = AppStore|x86
		{1EF4AF8B-8EAB-43A9-AC6E-82121B053DC1}.AppStore|Windows.ActiveCfg = AppStore|UWP-ARM
		{1EF4AF8B-8EAB-43A9-AC6E-82121B053DC1}.CoreCLR_Debug|Any CPU.ActiveCfg = Debug|UWP-ARM
		{1EF4AF8B-8EAB-43A9-AC6E-82121B053DC1}.CoreCLR_Debug|iPhone.ActiveCfg = Debug|UWP-ARM
		{1EF4AF8B-8EAB-43A9-AC6E-82121B053DC1}.CoreCLR_Debug|iPhoneSimulator.ActiveCfg = Debug|UWP-ARM
		{1EF4AF8B-8EAB-43A9-AC6E-82121B053DC1}.CoreCLR_Debug|Linux.ActiveCfg = Debug|UWP-ARM
		{1EF4AF8B-8EAB-43A9-AC6E-82121B053DC1}.CoreCLR_Debug|Mixed Platforms.ActiveCfg = Debug|UWP-ARM
		{1EF4AF8B-8EAB-43A9-AC6E-82121B053DC1}.CoreCLR_Debug|UWP-ARM.ActiveCfg = Debug|ARM
		{1EF4AF8B-8EAB-43A9-AC6E-82121B053DC1}.CoreCLR_Debug|UWP-x64.ActiveCfg = Debug|x64
		{1EF4AF8B-8EAB-43A9-AC6E-82121B053DC1}.CoreCLR_Debug|UWP-x86.ActiveCfg = Debug|x86
		{1EF4AF8B-8EAB-43A9-AC6E-82121B053DC1}.CoreCLR_Debug|Windows.ActiveCfg = Debug|UWP-ARM
		{1EF4AF8B-8EAB-43A9-AC6E-82121B053DC1}.CoreCLR_Release|Any CPU.ActiveCfg = Debug|UWP-ARM
		{1EF4AF8B-8EAB-43A9-AC6E-82121B053DC1}.CoreCLR_Release|iPhone.ActiveCfg = Debug|UWP-ARM
		{1EF4AF8B-8EAB-43A9-AC6E-82121B053DC1}.CoreCLR_Release|iPhoneSimulator.ActiveCfg = Debug|UWP-ARM
		{1EF4AF8B-8EAB-43A9-AC6E-82121B053DC1}.CoreCLR_Release|Linux.ActiveCfg = Debug|UWP-ARM
		{1EF4AF8B-8EAB-43A9-AC6E-82121B053DC1}.CoreCLR_Release|Mixed Platforms.ActiveCfg = Debug|UWP-ARM
		{1EF4AF8B-8EAB-43A9-AC6E-82121B053DC1}.CoreCLR_Release|UWP-ARM.ActiveCfg = Debug|ARM
		{1EF4AF8B-8EAB-43A9-AC6E-82121B053DC1}.CoreCLR_Release|UWP-x64.ActiveCfg = Debug|x64
		{1EF4AF8B-8EAB-43A9-AC6E-82121B053DC1}.CoreCLR_Release|UWP-x86.ActiveCfg = Debug|x86
		{1EF4AF8B-8EAB-43A9-AC6E-82121B053DC1}.CoreCLR_Release|Windows.ActiveCfg = Debug|UWP-ARM
		{1EF4AF8B-8EAB-43A9-AC6E-82121B053DC1}.Debug|Any CPU.ActiveCfg = Debug|UWP-ARM
		{1EF4AF8B-8EAB-43A9-AC6E-82121B053DC1}.Debug|iPhone.ActiveCfg = Debug|UWP-ARM
		{1EF4AF8B-8EAB-43A9-AC6E-82121B053DC1}.Debug|iPhoneSimulator.ActiveCfg = Debug|UWP-ARM
		{1EF4AF8B-8EAB-43A9-AC6E-82121B053DC1}.Debug|Linux.ActiveCfg = Debug|UWP-ARM
		{1EF4AF8B-8EAB-43A9-AC6E-82121B053DC1}.Debug|Mixed Platforms.ActiveCfg = Debug|UWP-ARM
		{1EF4AF8B-8EAB-43A9-AC6E-82121B053DC1}.Debug|UWP-ARM.ActiveCfg = Debug|ARM
		{1EF4AF8B-8EAB-43A9-AC6E-82121B053DC1}.Debug|UWP-ARM.Build.0 = Debug|ARM
		{1EF4AF8B-8EAB-43A9-AC6E-82121B053DC1}.Debug|UWP-ARM.Deploy.0 = Debug|ARM
		{1EF4AF8B-8EAB-43A9-AC6E-82121B053DC1}.Debug|UWP-x64.ActiveCfg = Debug|x64
		{1EF4AF8B-8EAB-43A9-AC6E-82121B053DC1}.Debug|UWP-x64.Build.0 = Debug|x64
		{1EF4AF8B-8EAB-43A9-AC6E-82121B053DC1}.Debug|UWP-x64.Deploy.0 = Debug|x64
		{1EF4AF8B-8EAB-43A9-AC6E-82121B053DC1}.Debug|UWP-x86.ActiveCfg = Debug|x86
		{1EF4AF8B-8EAB-43A9-AC6E-82121B053DC1}.Debug|UWP-x86.Build.0 = Debug|x86
		{1EF4AF8B-8EAB-43A9-AC6E-82121B053DC1}.Debug|UWP-x86.Deploy.0 = Debug|x86
		{1EF4AF8B-8EAB-43A9-AC6E-82121B053DC1}.Debug|Windows.ActiveCfg = Debug|UWP-ARM
		{1EF4AF8B-8EAB-43A9-AC6E-82121B053DC1}.Release|Any CPU.ActiveCfg = Release|UWP-ARM
		{1EF4AF8B-8EAB-43A9-AC6E-82121B053DC1}.Release|iPhone.ActiveCfg = Release|UWP-ARM
		{1EF4AF8B-8EAB-43A9-AC6E-82121B053DC1}.Release|iPhoneSimulator.ActiveCfg = Release|UWP-ARM
		{1EF4AF8B-8EAB-43A9-AC6E-82121B053DC1}.Release|Linux.ActiveCfg = Release|UWP-ARM
		{1EF4AF8B-8EAB-43A9-AC6E-82121B053DC1}.Release|Mixed Platforms.ActiveCfg = Release|UWP-ARM
		{1EF4AF8B-8EAB-43A9-AC6E-82121B053DC1}.Release|UWP-ARM.ActiveCfg = Release|ARM
		{1EF4AF8B-8EAB-43A9-AC6E-82121B053DC1}.Release|UWP-ARM.Build.0 = Release|ARM
		{1EF4AF8B-8EAB-43A9-AC6E-82121B053DC1}.Release|UWP-ARM.Deploy.0 = Release|ARM
		{1EF4AF8B-8EAB-43A9-AC6E-82121B053DC1}.Release|UWP-x64.ActiveCfg = Release|x64
		{1EF4AF8B-8EAB-43A9-AC6E-82121B053DC1}.Release|UWP-x64.Build.0 = Release|x64
		{1EF4AF8B-8EAB-43A9-AC6E-82121B053DC1}.Release|UWP-x64.Deploy.0 = Release|x64
		{1EF4AF8B-8EAB-43A9-AC6E-82121B053DC1}.Release|UWP-x86.ActiveCfg = Release|x86
		{1EF4AF8B-8EAB-43A9-AC6E-82121B053DC1}.Release|UWP-x86.Build.0 = Release|x86
		{1EF4AF8B-8EAB-43A9-AC6E-82121B053DC1}.Release|UWP-x86.Deploy.0 = Release|x86
		{1EF4AF8B-8EAB-43A9-AC6E-82121B053DC1}.Release|Windows.ActiveCfg = Release|UWP-ARM
		{1EF4AF8B-8EAB-43A9-AC6E-82121B053DC1}.Testing|Any CPU.ActiveCfg = Testing|UWP-ARM
		{1EF4AF8B-8EAB-43A9-AC6E-82121B053DC1}.Testing|iPhone.ActiveCfg = Testing|UWP-ARM
		{1EF4AF8B-8EAB-43A9-AC6E-82121B053DC1}.Testing|iPhoneSimulator.ActiveCfg = Testing|UWP-ARM
		{1EF4AF8B-8EAB-43A9-AC6E-82121B053DC1}.Testing|Linux.ActiveCfg = Testing|UWP-ARM
		{1EF4AF8B-8EAB-43A9-AC6E-82121B053DC1}.Testing|Mixed Platforms.ActiveCfg = Testing|UWP-ARM
		{1EF4AF8B-8EAB-43A9-AC6E-82121B053DC1}.Testing|UWP-ARM.ActiveCfg = Testing|ARM
		{1EF4AF8B-8EAB-43A9-AC6E-82121B053DC1}.Testing|UWP-ARM.Build.0 = Testing|ARM
		{1EF4AF8B-8EAB-43A9-AC6E-82121B053DC1}.Testing|UWP-ARM.Deploy.0 = Testing|ARM
		{1EF4AF8B-8EAB-43A9-AC6E-82121B053DC1}.Testing|UWP-x64.ActiveCfg = Testing|x64
		{1EF4AF8B-8EAB-43A9-AC6E-82121B053DC1}.Testing|UWP-x64.Build.0 = Testing|x64
		{1EF4AF8B-8EAB-43A9-AC6E-82121B053DC1}.Testing|UWP-x64.Deploy.0 = Testing|x64
		{1EF4AF8B-8EAB-43A9-AC6E-82121B053DC1}.Testing|UWP-x86.ActiveCfg = Testing|x86
		{1EF4AF8B-8EAB-43A9-AC6E-82121B053DC1}.Testing|UWP-x86.Build.0 = Testing|x86
		{1EF4AF8B-8EAB-43A9-AC6E-82121B053DC1}.Testing|UWP-x86.Deploy.0 = Testing|x86
		{1EF4AF8B-8EAB-43A9-AC6E-82121B053DC1}.Testing|Windows.ActiveCfg = Testing|UWP-ARM
		{0B14F739-FD7E-402F-BB4C-59B8D8B7D282}.AppStore|Any CPU.ActiveCfg = Debug|Linux
		{0B14F739-FD7E-402F-BB4C-59B8D8B7D282}.AppStore|iPhone.ActiveCfg = Debug|Linux
		{0B14F739-FD7E-402F-BB4C-59B8D8B7D282}.AppStore|iPhoneSimulator.ActiveCfg = Debug|Linux
		{0B14F739-FD7E-402F-BB4C-59B8D8B7D282}.AppStore|Linux.ActiveCfg = Debug|Linux
		{0B14F739-FD7E-402F-BB4C-59B8D8B7D282}.AppStore|Mixed Platforms.ActiveCfg = Debug|Linux
		{0B14F739-FD7E-402F-BB4C-59B8D8B7D282}.AppStore|UWP-ARM.ActiveCfg = Debug|Linux
		{0B14F739-FD7E-402F-BB4C-59B8D8B7D282}.AppStore|UWP-x64.ActiveCfg = Debug|Linux
		{0B14F739-FD7E-402F-BB4C-59B8D8B7D282}.AppStore|UWP-x86.ActiveCfg = Debug|Linux
		{0B14F739-FD7E-402F-BB4C-59B8D8B7D282}.AppStore|Windows.ActiveCfg = Debug|Linux
		{0B14F739-FD7E-402F-BB4C-59B8D8B7D282}.CoreCLR_Debug|Any CPU.ActiveCfg = CoreCLR_Debug|Linux
		{0B14F739-FD7E-402F-BB4C-59B8D8B7D282}.CoreCLR_Debug|iPhone.ActiveCfg = CoreCLR_Debug|Linux
		{0B14F739-FD7E-402F-BB4C-59B8D8B7D282}.CoreCLR_Debug|iPhoneSimulator.ActiveCfg = CoreCLR_Debug|Linux
		{0B14F739-FD7E-402F-BB4C-59B8D8B7D282}.CoreCLR_Debug|Linux.ActiveCfg = CoreCLR_Debug|Linux
		{0B14F739-FD7E-402F-BB4C-59B8D8B7D282}.CoreCLR_Debug|Linux.Build.0 = CoreCLR_Debug|Linux
		{0B14F739-FD7E-402F-BB4C-59B8D8B7D282}.CoreCLR_Debug|Linux.Deploy.0 = CoreCLR_Debug|Linux
		{0B14F739-FD7E-402F-BB4C-59B8D8B7D282}.CoreCLR_Debug|Mixed Platforms.ActiveCfg = CoreCLR_Debug|Linux
		{0B14F739-FD7E-402F-BB4C-59B8D8B7D282}.CoreCLR_Debug|UWP-ARM.ActiveCfg = CoreCLR_Debug|Linux
		{0B14F739-FD7E-402F-BB4C-59B8D8B7D282}.CoreCLR_Debug|UWP-x64.ActiveCfg = CoreCLR_Debug|Linux
		{0B14F739-FD7E-402F-BB4C-59B8D8B7D282}.CoreCLR_Debug|UWP-x86.ActiveCfg = CoreCLR_Debug|Linux
		{0B14F739-FD7E-402F-BB4C-59B8D8B7D282}.CoreCLR_Debug|Windows.ActiveCfg = CoreCLR_Debug|Linux
		{0B14F739-FD7E-402F-BB4C-59B8D8B7D282}.CoreCLR_Release|Any CPU.ActiveCfg = CoreCLR_Release|Linux
		{0B14F739-FD7E-402F-BB4C-59B8D8B7D282}.CoreCLR_Release|iPhone.ActiveCfg = CoreCLR_Release|Linux
		{0B14F739-FD7E-402F-BB4C-59B8D8B7D282}.CoreCLR_Release|iPhoneSimulator.ActiveCfg = CoreCLR_Release|Linux
		{0B14F739-FD7E-402F-BB4C-59B8D8B7D282}.CoreCLR_Release|Linux.ActiveCfg = CoreCLR_Release|Linux
		{0B14F739-FD7E-402F-BB4C-59B8D8B7D282}.CoreCLR_Release|Linux.Build.0 = CoreCLR_Release|Linux
		{0B14F739-FD7E-402F-BB4C-59B8D8B7D282}.CoreCLR_Release|Linux.Deploy.0 = CoreCLR_Release|Linux
		{0B14F739-FD7E-402F-BB4C-59B8D8B7D282}.CoreCLR_Release|Mixed Platforms.ActiveCfg = CoreCLR_Release|Linux
		{0B14F739-FD7E-402F-BB4C-59B8D8B7D282}.CoreCLR_Release|UWP-ARM.ActiveCfg = CoreCLR_Release|Linux
		{0B14F739-FD7E-402F-BB4C-59B8D8B7D282}.CoreCLR_Release|UWP-x64.ActiveCfg = CoreCLR_Release|Linux
		{0B14F739-FD7E-402F-BB4C-59B8D8B7D282}.CoreCLR_Release|UWP-x86.ActiveCfg = CoreCLR_Release|Linux
		{0B14F739-FD7E-402F-BB4C-59B8D8B7D282}.CoreCLR_Release|Windows.ActiveCfg = CoreCLR_Release|Linux
		{0B14F739-FD7E-402F-BB4C-59B8D8B7D282}.Debug|Any CPU.ActiveCfg = Debug|Linux
		{0B14F739-FD7E-402F-BB4C-59B8D8B7D282}.Debug|iPhone.ActiveCfg = Debug|Linux
		{0B14F739-FD7E-402F-BB4C-59B8D8B7D282}.Debug|iPhoneSimulator.ActiveCfg = Debug|Linux
		{0B14F739-FD7E-402F-BB4C-59B8D8B7D282}.Debug|Linux.ActiveCfg = Debug|Linux
		{0B14F739-FD7E-402F-BB4C-59B8D8B7D282}.Debug|Linux.Build.0 = Debug|Linux
		{0B14F739-FD7E-402F-BB4C-59B8D8B7D282}.Debug|Linux.Deploy.0 = Debug|Linux
		{0B14F739-FD7E-402F-BB4C-59B8D8B7D282}.Debug|Mixed Platforms.ActiveCfg = Debug|Linux
		{0B14F739-FD7E-402F-BB4C-59B8D8B7D282}.Debug|UWP-ARM.ActiveCfg = Debug|Linux
		{0B14F739-FD7E-402F-BB4C-59B8D8B7D282}.Debug|UWP-x64.ActiveCfg = Debug|Linux
		{0B14F739-FD7E-402F-BB4C-59B8D8B7D282}.Debug|UWP-x86.ActiveCfg = Debug|Linux
		{0B14F739-FD7E-402F-BB4C-59B8D8B7D282}.Debug|Windows.ActiveCfg = Debug|Linux
		{0B14F739-FD7E-402F-BB4C-59B8D8B7D282}.Release|Any CPU.ActiveCfg = Release|Linux
		{0B14F739-FD7E-402F-BB4C-59B8D8B7D282}.Release|iPhone.ActiveCfg = Release|Linux
		{0B14F739-FD7E-402F-BB4C-59B8D8B7D282}.Release|iPhoneSimulator.ActiveCfg = Release|Linux
		{0B14F739-FD7E-402F-BB4C-59B8D8B7D282}.Release|Linux.ActiveCfg = Release|Linux
		{0B14F739-FD7E-402F-BB4C-59B8D8B7D282}.Release|Linux.Build.0 = Release|Linux
		{0B14F739-FD7E-402F-BB4C-59B8D8B7D282}.Release|Linux.Deploy.0 = Release|Linux
		{0B14F739-FD7E-402F-BB4C-59B8D8B7D282}.Release|Mixed Platforms.ActiveCfg = Release|Linux
		{0B14F739-FD7E-402F-BB4C-59B8D8B7D282}.Release|UWP-ARM.ActiveCfg = Release|Linux
		{0B14F739-FD7E-402F-BB4C-59B8D8B7D282}.Release|UWP-x64.ActiveCfg = Release|Linux
		{0B14F739-FD7E-402F-BB4C-59B8D8B7D282}.Release|UWP-x86.ActiveCfg = Release|Linux
		{0B14F739-FD7E-402F-BB4C-59B8D8B7D282}.Release|Windows.ActiveCfg = Release|Linux
		{0B14F739-FD7E-402F-BB4C-59B8D8B7D282}.Testing|Any CPU.ActiveCfg = Debug|Linux
		{0B14F739-FD7E-402F-BB4C-59B8D8B7D282}.Testing|iPhone.ActiveCfg = Debug|Linux
		{0B14F739-FD7E-402F-BB4C-59B8D8B7D282}.Testing|iPhoneSimulator.ActiveCfg = Debug|Linux
		{0B14F739-FD7E-402F-BB4C-59B8D8B7D282}.Testing|Linux.ActiveCfg = Debug|Linux
		{0B14F739-FD7E-402F-BB4C-59B8D8B7D282}.Testing|Mixed Platforms.ActiveCfg = Debug|Linux
		{0B14F739-FD7E-402F-BB4C-59B8D8B7D282}.Testing|UWP-ARM.ActiveCfg = Debug|Linux
		{0B14F739-FD7E-402F-BB4C-59B8D8B7D282}.Testing|UWP-x64.ActiveCfg = Debug|Linux
		{0B14F739-FD7E-402F-BB4C-59B8D8B7D282}.Testing|UWP-x86.ActiveCfg = Debug|Linux
		{0B14F739-FD7E-402F-BB4C-59B8D8B7D282}.Testing|Windows.ActiveCfg = Debug|Linux
		{273C0A11-CA79-4AB0-B423-508B7651F426}.AppStore|Any CPU.ActiveCfg = AppStore|iPhone
		{273C0A11-CA79-4AB0-B423-508B7651F426}.AppStore|iPhone.ActiveCfg = AppStore|iPhone
		{273C0A11-CA79-4AB0-B423-508B7651F426}.AppStore|iPhone.Build.0 = AppStore|iPhone
		{273C0A11-CA79-4AB0-B423-508B7651F426}.AppStore|iPhone.Deploy.0 = AppStore|iPhone
		{273C0A11-CA79-4AB0-B423-508B7651F426}.AppStore|iPhoneSimulator.ActiveCfg = AppStore|iPhoneSimulator
		{273C0A11-CA79-4AB0-B423-508B7651F426}.AppStore|iPhoneSimulator.Build.0 = AppStore|iPhoneSimulator
		{273C0A11-CA79-4AB0-B423-508B7651F426}.AppStore|iPhoneSimulator.Deploy.0 = AppStore|iPhoneSimulator
		{273C0A11-CA79-4AB0-B423-508B7651F426}.AppStore|Linux.ActiveCfg = AppStore|iPhone
		{273C0A11-CA79-4AB0-B423-508B7651F426}.AppStore|Mixed Platforms.ActiveCfg = AppStore|iPhone
		{273C0A11-CA79-4AB0-B423-508B7651F426}.AppStore|UWP-ARM.ActiveCfg = AppStore|iPhone
		{273C0A11-CA79-4AB0-B423-508B7651F426}.AppStore|UWP-x64.ActiveCfg = AppStore|iPhone
		{273C0A11-CA79-4AB0-B423-508B7651F426}.AppStore|UWP-x86.ActiveCfg = AppStore|iPhone
		{273C0A11-CA79-4AB0-B423-508B7651F426}.AppStore|Windows.ActiveCfg = AppStore|iPhone
		{273C0A11-CA79-4AB0-B423-508B7651F426}.CoreCLR_Debug|Any CPU.ActiveCfg = Debug|iPhone
		{273C0A11-CA79-4AB0-B423-508B7651F426}.CoreCLR_Debug|iPhone.ActiveCfg = Debug|iPhone
		{273C0A11-CA79-4AB0-B423-508B7651F426}.CoreCLR_Debug|iPhoneSimulator.ActiveCfg = Debug|iPhoneSimulator
		{273C0A11-CA79-4AB0-B423-508B7651F426}.CoreCLR_Debug|Linux.ActiveCfg = Debug|iPhone
		{273C0A11-CA79-4AB0-B423-508B7651F426}.CoreCLR_Debug|Mixed Platforms.ActiveCfg = Debug|iPhone
		{273C0A11-CA79-4AB0-B423-508B7651F426}.CoreCLR_Debug|UWP-ARM.ActiveCfg = Debug|iPhone
		{273C0A11-CA79-4AB0-B423-508B7651F426}.CoreCLR_Debug|UWP-x64.ActiveCfg = Debug|iPhone
		{273C0A11-CA79-4AB0-B423-508B7651F426}.CoreCLR_Debug|UWP-x86.ActiveCfg = Debug|iPhone
		{273C0A11-CA79-4AB0-B423-508B7651F426}.CoreCLR_Debug|Windows.ActiveCfg = Debug|iPhone
		{273C0A11-CA79-4AB0-B423-508B7651F426}.CoreCLR_Release|Any CPU.ActiveCfg = Debug|iPhone
		{273C0A11-CA79-4AB0-B423-508B7651F426}.CoreCLR_Release|iPhone.ActiveCfg = Debug|iPhone
		{273C0A11-CA79-4AB0-B423-508B7651F426}.CoreCLR_Release|iPhoneSimulator.ActiveCfg = Debug|iPhoneSimulator
		{273C0A11-CA79-4AB0-B423-508B7651F426}.CoreCLR_Release|Linux.ActiveCfg = Debug|iPhone
		{273C0A11-CA79-4AB0-B423-508B7651F426}.CoreCLR_Release|Mixed Platforms.ActiveCfg = Debug|iPhone
		{273C0A11-CA79-4AB0-B423-508B7651F426}.CoreCLR_Release|UWP-ARM.ActiveCfg = Debug|iPhone
		{273C0A11-CA79-4AB0-B423-508B7651F426}.CoreCLR_Release|UWP-x64.ActiveCfg = Debug|iPhone
		{273C0A11-CA79-4AB0-B423-508B7651F426}.CoreCLR_Release|UWP-x86.ActiveCfg = Debug|iPhone
		{273C0A11-CA79-4AB0-B423-508B7651F426}.CoreCLR_Release|Windows.ActiveCfg = Debug|iPhone
		{273C0A11-CA79-4AB0-B423-508B7651F426}.Debug|Any CPU.ActiveCfg = Debug|iPhone
		{273C0A11-CA79-4AB0-B423-508B7651F426}.Debug|iPhone.ActiveCfg = Debug|iPhone
		{273C0A11-CA79-4AB0-B423-508B7651F426}.Debug|iPhone.Build.0 = Debug|iPhone
		{273C0A11-CA79-4AB0-B423-508B7651F426}.Debug|iPhone.Deploy.0 = Debug|iPhone
		{273C0A11-CA79-4AB0-B423-508B7651F426}.Debug|iPhoneSimulator.ActiveCfg = Debug|iPhoneSimulator
		{273C0A11-CA79-4AB0-B423-508B7651F426}.Debug|iPhoneSimulator.Build.0 = Debug|iPhoneSimulator
		{273C0A11-CA79-4AB0-B423-508B7651F426}.Debug|iPhoneSimulator.Deploy.0 = Debug|iPhoneSimulator
		{273C0A11-CA79-4AB0-B423-508B7651F426}.Debug|Linux.ActiveCfg = Debug|iPhone
		{273C0A11-CA79-4AB0-B423-508B7651F426}.Debug|Mixed Platforms.ActiveCfg = Debug|iPhone
		{273C0A11-CA79-4AB0-B423-508B7651F426}.Debug|UWP-ARM.ActiveCfg = Debug|iPhone
		{273C0A11-CA79-4AB0-B423-508B7651F426}.Debug|UWP-x64.ActiveCfg = Debug|iPhone
		{273C0A11-CA79-4AB0-B423-508B7651F426}.Debug|UWP-x86.ActiveCfg = Debug|iPhone
		{273C0A11-CA79-4AB0-B423-508B7651F426}.Debug|Windows.ActiveCfg = Debug|iPhone
		{273C0A11-CA79-4AB0-B423-508B7651F426}.Release|Any CPU.ActiveCfg = Release|iPhone
		{273C0A11-CA79-4AB0-B423-508B7651F426}.Release|iPhone.ActiveCfg = Release|iPhone
		{273C0A11-CA79-4AB0-B423-508B7651F426}.Release|iPhone.Build.0 = Release|iPhone
		{273C0A11-CA79-4AB0-B423-508B7651F426}.Release|iPhone.Deploy.0 = Release|iPhone
		{273C0A11-CA79-4AB0-B423-508B7651F426}.Release|iPhoneSimulator.ActiveCfg = Release|iPhoneSimulator
		{273C0A11-CA79-4AB0-B423-508B7651F426}.Release|iPhoneSimulator.Build.0 = Release|iPhoneSimulator
		{273C0A11-CA79-4AB0-B423-508B7651F426}.Release|iPhoneSimulator.Deploy.0 = Release|iPhoneSimulator
		{273C0A11-CA79-4AB0-B423-508B7651F426}.Release|Linux.ActiveCfg = Release|iPhone
		{273C0A11-CA79-4AB0-B423-508B7651F426}.Release|Mixed Platforms.ActiveCfg = Release|iPhone
		{273C0A11-CA79-4AB0-B423-508B7651F426}.Release|UWP-ARM.ActiveCfg = Release|iPhone
		{273C0A11-CA79-4AB0-B423-508B7651F426}.Release|UWP-x64.ActiveCfg = Release|iPhone
		{273C0A11-CA79-4AB0-B423-508B7651F426}.Release|UWP-x86.ActiveCfg = Release|iPhone
		{273C0A11-CA79-4AB0-B423-508B7651F426}.Release|Windows.ActiveCfg = Release|iPhone
		{273C0A11-CA79-4AB0-B423-508B7651F426}.Testing|Any CPU.ActiveCfg = Testing|iPhone
		{273C0A11-CA79-4AB0-B423-508B7651F426}.Testing|iPhone.ActiveCfg = Testing|iPhone
		{273C0A11-CA79-4AB0-B423-508B7651F426}.Testing|iPhone.Build.0 = Testing|iPhone
		{273C0A11-CA79-4AB0-B423-508B7651F426}.Testing|iPhone.Deploy.0 = Testing|iPhone
		{273C0A11-CA79-4AB0-B423-508B7651F426}.Testing|iPhoneSimulator.ActiveCfg = Testing|iPhoneSimulator
		{273C0A11-CA79-4AB0-B423-508B7651F426}.Testing|iPhoneSimulator.Build.0 = Testing|iPhoneSimulator
		{273C0A11-CA79-4AB0-B423-508B7651F426}.Testing|iPhoneSimulator.Deploy.0 = Testing|iPhoneSimulator
		{273C0A11-CA79-4AB0-B423-508B7651F426}.Testing|Linux.ActiveCfg = Testing|iPhone
		{273C0A11-CA79-4AB0-B423-508B7651F426}.Testing|Mixed Platforms.ActiveCfg = Testing|iPhone
		{273C0A11-CA79-4AB0-B423-508B7651F426}.Testing|UWP-ARM.ActiveCfg = Testing|iPhone
		{273C0A11-CA79-4AB0-B423-508B7651F426}.Testing|UWP-x64.ActiveCfg = Testing|iPhone
		{273C0A11-CA79-4AB0-B423-508B7651F426}.Testing|UWP-x86.ActiveCfg = Testing|iPhone
		{273C0A11-CA79-4AB0-B423-508B7651F426}.Testing|Windows.ActiveCfg = Testing|iPhone
	EndGlobalSection
	GlobalSection(SolutionProperties) = preSolution
		HideSolutionNode = FALSE
	EndGlobalSection
	GlobalSection(NestedProjects) = preSolution
		{F16ABFDE-901D-47C6-8CA5-B47195FCAE9E} = {C3BA2DCB-B3B6-4922-A07A-E182F8D1BD8F}
		{9EECE73D-D536-4AEF-B489-351C5286E562} = {C3BA2DCB-B3B6-4922-A07A-E182F8D1BD8F}
		{1EF4AF8B-8EAB-43A9-AC6E-82121B053DC1} = {C3BA2DCB-B3B6-4922-A07A-E182F8D1BD8F}
		{0B14F739-FD7E-402F-BB4C-59B8D8B7D282} = {C3BA2DCB-B3B6-4922-A07A-E182F8D1BD8F}
		{273C0A11-CA79-4AB0-B423-508B7651F426} = {C3BA2DCB-B3B6-4922-A07A-E182F8D1BD8F}
	EndGlobalSection
EndGlobal
